
Microsoft Visual Studio Solution File, Format Version 12.00
# Visual Studio Version 17
VisualStudioVersion = 17.0.31903.59
MinimumVisualStudioVersion = 10.0.40219.1
Project("{FAE04EC0-301F-11D3-BF4B-00C04F79EFBC}") = "RabbitMQTest", "src\RabbitMQTest\RabbitMQTest.csproj", "{546E265A-5F85-4C90-BDBC-F25A842FA153}"
EndProject
Project("{FAE04EC0-301F-11D3-BF4B-00C04F79EFBC}") = "RabbitMQTestReader", "src\RabbitMQTestReader\RabbitMQTestReader.csproj", "{F36C9D11-3B59-4789-9CBC-DCB56B61DADF}"
EndProject
Global
	GlobalSection(SolutionConfigurationPlatforms) = preSolution
		Debug|Any CPU = Debug|Any CPU
		Release|Any CPU = Release|Any CPU
	EndGlobalSection
	GlobalSection(ProjectConfigurationPlatforms) = postSolution
		{546E265A-5F85-4C90-BDBC-F25A842FA153}.Debug|Any CPU.ActiveCfg = Debug|Any CPU
		{546E265A-5F85-4C90-BDBC-F25A842FA153}.Debug|Any CPU.Build.0 = Debug|Any CPU
		{546E265A-5F85-4C90-BDBC-F25A842FA153}.Release|Any CPU.ActiveCfg = Release|Any CPU
		{546E265A-5F85-4C90-BDBC-F25A842FA153}.Release|Any CPU.Build.0 = Release|Any CPU
		{F36C9D11-3B59-4789-9CBC-DCB56B61DADF}.Debug|Any CPU.ActiveCfg = Debug|Any CPU
		{F36C9D11-3B59-4789-9CBC-DCB56B61DADF}.Debug|Any CPU.Build.0 = Debug|Any CPU
		{F36C9D11-3B59-4789-9CBC-DCB56B61DADF}.Release|Any CPU.ActiveCfg = Release|Any CPU
		{F36C9D11-3B59-4789-9CBC-DCB56B61DADF}.Release|Any CPU.Build.0 = Release|Any CPU
	EndGlobalSection
	GlobalSection(SolutionProperties) = preSolution
		HideSolutionNode = FALSE
	EndGlobalSection
	GlobalSection(ExtensibilityGlobals) = postSolution
		SolutionGuid = {48A3AAF3-525C-42D5-BD76-B171DB0C1C20}
	EndGlobalSection
EndGlobal
